{
    "name": "svelte-tiny-pdf",
    "version": "2.0.0",
    "lockfileVersion": 3,
    "requires": true,
    "packages": {
        "": {
            "name": "svelte-tiny-pdf",
            "version": "2.0.0",
            "license": "MIT",
            "dependencies": {
                "pdfjs-dist": "^5.6.205"
            },
            "devDependencies": {
                "@sveltejs/package": "^2.5.7",
                "svelte": "^5.55.4",
                "svelte-check": "^4.4.6"
            },
            "peerDependencies": {
                "svelte": "^5.0.0"
            }
        },
        "node_modules/@jridgewell/gen-mapping": {
            "version": "0.3.13",
            "resolved": "https://registry.npmjs.org/@jridgewell/gen-mapping/-/gen-mapping-0.3.13.tgz",
            "integrity": "sha512-2kkt/7niJ6MgEPxF0bYdQ6etZaA+fQvDcLKckhy1yIQOzaoKjBBjSj63/aLVjYE3qhRt5dvM+uUyfCg6UKCBbA==",
            "dev": true,
            "dependencies": {
                "@jridgewell/sourcemap-codec": "^1.5.0",
                "@jridgewell/trace-mapping": "^0.3.24"
            }
        },
        "node_modules/@jridgewell/remapping": {
            "version": "2.3.5",
            "resolved": "https://registry.npmjs.org/@jridgewell/remapping/-/remapping-2.3.5.tgz",
            "integrity": "sha512-LI9u/+laYG4Ds1TDKSJW2YPrIlcVYOwi2fUC6xB43lueCjgxV4lffOCZCtYFiH6TNOX+tQKXx97T4IKHbhyHEQ==",
            "dev": true,
            "dependencies": {
                "@jridgewell/gen-mapping": "^0.3.5",
                "@jridgewell/trace-mapping": "^0.3.24"
            }
        },
        "node_modules/@jridgewell/resolve-uri": {
            "version": "3.1.2",
            "resolved": "https://registry.npmjs.org/@jridgewell/resolve-uri/-/resolve-uri-3.1.2.tgz",
            "integrity": "sha512-bRISgCIjP20/tbWSPWMEi54QVPRZExkuD9lJL+UIxUKtwVJA8wW1Trb1jMs1RFXo1CBTNZ/5hpC9QvmKWdopKw==",
            "dev": true,
            "engines": {
                "node": ">=6.0.0"
            }
        },
        "node_modules/@jridgewell/sourcemap-codec": {
            "version": "1.5.0",
            "resolved": "https://registry.npmjs.org/@jridgewell/sourcemap-codec/-/sourcemap-codec-1.5.0.tgz",
            "integrity": "sha512-gv3ZRaISU3fjPAgNsriBRqGWQL6quFx04YMPW/zD8XMLsU32mhCCbfbO6KZFLjvYpCZ8zyDEgqsgf+PwPaM7GQ==",
            "dev": true
        },
        "node_modules/@jridgewell/trace-mapping": {
            "version": "0.3.25",
            "resolved": "https://registry.npmjs.org/@jridgewell/trace-mapping/-/trace-mapping-0.3.25.tgz",
            "integrity": "sha512-vNk6aEwybGtawWmy/PzwnGDOjCkLWSD2wqvjGGAgOAwCGWySYXfYoxt00IJkTF+8Lb57DwOb3Aa0o9CApepiYQ==",
            "dev": true,
            "dependencies": {
                "@jridgewell/resolve-uri": "^3.1.0",
                "@jridgewell/sourcemap-codec": "^1.4.14"
            }
        },
        "node_modules/@napi-rs/canvas": {
            "version": "0.1.99",
            "resolved": "https://registry.npmjs.org/@napi-rs/canvas/-/canvas-0.1.99.tgz",
            "integrity": "sha512-zN4eQlK3eBf7aJBcTHZilpBH3tDekBzPMIWC8r0s94Ecl73XfOyFi4w7yKFMRVUT0lvNQjtOL8YSrwqQj6mZFg==",
            "optional": true,
            "engines": {
                "node": ">= 10"
            },
            "funding": {
                "type": "github",
                "url": "https://github.com/sponsors/Brooooooklyn"
            },
            "optionalDependencies": {
                "@napi-rs/canvas-android-arm64": "0.1.99",
                "@napi-rs/canvas-darwin-arm64": "0.1.99",
                "@napi-rs/canvas-darwin-x64": "0.1.99",
                "@napi-rs/canvas-linux-arm-gnueabihf": "0.1.99",
                "@napi-rs/canvas-linux-arm64-gnu": "0.1.99",
                "@napi-rs/canvas-linux-arm64-musl": "0.1.99",
                "@napi-rs/canvas-linux-riscv64-gnu": "0.1.99",
                "@napi-rs/canvas-linux-x64-gnu": "0.1.99",
                "@napi-rs/canvas-linux-x64-musl": "0.1.99",
                "@napi-rs/canvas-win32-arm64-msvc": "0.1.99",
                "@napi-rs/canvas-win32-x64-msvc": "0.1.99"
            }
        },
        "node_modules/@napi-rs/canvas-android-arm64": {
            "version": "0.1.99",
            "resolved": "https://registry.npmjs.org/@napi-rs/canvas-android-arm64/-/canvas-android-arm64-0.1.99.tgz",
            "integrity": "sha512-9OCRt8VVxA17m32NWZKyNC2qamdaS/SC5CEOIQwFngRq0DIeVm4PDal+6Ljnhqm2whZiC63DNuKZ4xSp2nbj9w==",
            "cpu": [
                "arm64"
            ],
            "optional": true,
            "os": [
                "android"
            ],
            "engines": {
                "node": ">= 10"
            },
            "funding": {
                "type": "github",
                "url": "https://github.com/sponsors/Brooooooklyn"
            }
        },
        "node_modules/@napi-rs/canvas-darwin-arm64": {
            "version": "0.1.99",
            "resolved": "https://registry.npmjs.org/@napi-rs/canvas-darwin-arm64/-/canvas-darwin-arm64-0.1.99.tgz",
            "integrity": "sha512-lupMDMy1+H38dhyCcLirOKKVUyzzlxi7j7rGPLI3vViMHOoPjcXO1b10ivy+ad+q6MiwHfoLjKTCoLke5ySOBg==",
            "cpu": [
                "arm64"
            ],
            "optional": true,
            "os": [
                "darwin"
            ],
            "engines": {
                "node": ">= 10"
            },
            "funding": {
                "type": "github",
                "url": "https://github.com/sponsors/Brooooooklyn"
            }
        },
        "node_modules/@napi-rs/canvas-darwin-x64": {
            "version": "0.1.99",
            "resolved": "https://registry.npmjs.org/@napi-rs/canvas-darwin-x64/-/canvas-darwin-x64-0.1.99.tgz",
            "integrity": "sha512-fdz02t4w8n6Ii/rYhWig6STb/zcTmCC/6YZTGmjoDeidDwn9Wf0ukQVynhCPEs29vqUc66wHZKsuIgMs9tycCg==",
            "cpu": [
                "x64"
            ],
            "optional": true,
            "os": [
                "darwin"
            ],
            "engines": {
                "node": ">= 10"
            },
            "funding": {
                "type": "github",
                "url": "https://github.com/sponsors/Brooooooklyn"
            }
        },
        "node_modules/@napi-rs/canvas-linux-arm-gnueabihf": {
            "version": "0.1.99",
            "resolved": "https://registry.npmjs.org/@napi-rs/canvas-linux-arm-gnueabihf/-/canvas-linux-arm-gnueabihf-0.1.99.tgz",
            "integrity": "sha512-w4FwVwlNo00ezeRhfY62IVIyt6G3u8wodkPtiqWc52BUHx+VDBUM2vkS3ogfANaLI7hnf3s6WK4LyZVUjBg1lA==",
            "cpu": [
                "arm"
            ],
            "optional": true,
            "os": [
                "linux"
            ],
            "engines": {
                "node": ">= 10"
            },
            "funding": {
                "type": "github",
                "url": "https://github.com/sponsors/Brooooooklyn"
            }
        },
        "node_modules/@napi-rs/canvas-linux-arm64-gnu": {
            "version": "0.1.99",
            "resolved": "https://registry.npmjs.org/@napi-rs/canvas-linux-arm64-gnu/-/canvas-linux-arm64-gnu-0.1.99.tgz",
            "integrity": "sha512-8JvHeexKQ8c7g0q7YJ29NVQwnf1ePghP9ys9ZN0R0qzyqJQ9Uw6N9qnDINArlm3IYHexB7LjzArIfhQiqSDGvQ==",
            "cpu": [
                "arm64"
            ],
            "optional": true,
            "os": [
                "linux"
            ],
            "engines": {
                "node": ">= 10"
            },
            "funding": {
                "type": "github",
                "url": "https://github.com/sponsors/Brooooooklyn"
            }
        },
        "node_modules/@napi-rs/canvas-linux-arm64-musl": {
            "version": "0.1.99",
            "resolved": "https://registry.npmjs.org/@napi-rs/canvas-linux-arm64-musl/-/canvas-linux-arm64-musl-0.1.99.tgz",
            "integrity": "sha512-Z+6nyLdJXWzLPVxi4H6g9TJop4DwN3KSgHWto5JCbZV5/uKoVqcSynPs0tGlUHOoWI8S8tEvJspz51GQkvr07w==",
            "cpu": [
                "arm64"
            ],
            "optional": true,
            "os": [
                "linux"
            ],
            "engines": {
                "node": ">= 10"
            },
            "funding": {
                "type": "github",
                "url": "https://github.com/sponsors/Brooooooklyn"
            }
        },
        "node_modules/@napi-rs/canvas-linux-riscv64-gnu": {
            "version": "0.1.99",
            "resolved": "https://registry.npmjs.org/@napi-rs/canvas-linux-riscv64-gnu/-/canvas-linux-riscv64-gnu-0.1.99.tgz",
            "integrity": "sha512-jAnfOUv4IO1l8Levk5t85oVtEBOXLa07KnIUgWo1CDlPxiqpxS3uBfiE38Lvj/CQgHaNF6Nxk/SaemwLgsVJgw==",
            "cpu": [
                "riscv64"
            ],
            "optional": true,
            "os": [
                "linux"
            ],
            "engines": {
                "node": ">= 10"
            },
            "funding": {
                "type": "github",
                "url": "https://github.com/sponsors/Brooooooklyn"
            }
        },
        "node_modules/@napi-rs/canvas-linux-x64-gnu": {
            "version": "0.1.99",
            "resolved": "https://registry.npmjs.org/@napi-rs/canvas-linux-x64-gnu/-/canvas-linux-x64-gnu-0.1.99.tgz",
            "integrity": "sha512-mIkXw3fGmbYyFjSmfWEvty4jN+rwEOmv0+Dy9bRvvTzLYWCgm3RMgUEQVfAKFw96nIRFnyNZiK83KNQaVVFjng==",
            "cpu": [
                "x64"
            ],
            "optional": true,
            "os": [
                "linux"
            ],
            "engines": {
                "node": ">= 10"
            },
            "funding": {
                "type": "github",
                "url": "https://github.com/sponsors/Brooooooklyn"
            }
        },
        "node_modules/@napi-rs/canvas-linux-x64-musl": {
            "version": "0.1.99",
            "resolved": "https://registry.npmjs.org/@napi-rs/canvas-linux-x64-musl/-/canvas-linux-x64-musl-0.1.99.tgz",
            "integrity": "sha512-f3Uz2P0RgrtBHISxZqr6yiYXJlTDyCVBumDacxo+4AmSg7z0HiqYZKGWC/gszq3fbPhyQUya1W2AEteKxT9Y6A==",
            "cpu": [
                "x64"
            ],
            "optional": true,
            "os": [
                "linux"
            ],
            "engines": {
                "node": ">= 10"
            },
            "funding": {
                "type": "github",
                "url": "https://github.com/sponsors/Brooooooklyn"
            }
        },
        "node_modules/@napi-rs/canvas-win32-arm64-msvc": {
            "version": "0.1.99",
            "resolved": "https://registry.npmjs.org/@napi-rs/canvas-win32-arm64-msvc/-/canvas-win32-arm64-msvc-0.1.99.tgz",
            "integrity": "sha512-XE6KUkfqRsCNejcoRMiMr3RaUeObxNf6y7dut3hrq2rn7PzfRTZgrjF1F/B2C7FcdgqY/vSHWpQeMuNz1vTNHg==",
            "cpu": [
                "arm64"
            ],
            "optional": true,
            "os": [
                "win32"
            ],
            "engines": {
                "node": ">= 10"
            },
            "funding": {
                "type": "github",
                "url": "https://github.com/sponsors/Brooooooklyn"
            }
        },
        "node_modules/@napi-rs/canvas-win32-x64-msvc": {
            "version": "0.1.99",
            "resolved": "https://registry.npmjs.org/@napi-rs/canvas-win32-x64-msvc/-/canvas-win32-x64-msvc-0.1.99.tgz",
            "integrity": "sha512-plMYGVbc/vmmPF9MtmHbwNk1rL1Aj53vQZt+Gnv1oZn6gmd9jEHHJ0n9Nd2nxa5sKH7TS5IjkCDM6289O0d6PQ==",
            "cpu": [
                "x64"
            ],
            "optional": true,
            "os": [
                "win32"
            ],
            "engines": {
                "node": ">= 10"
            },
            "funding": {
                "type": "github",
                "url": "https://github.com/sponsors/Brooooooklyn"
            }
        },
        "node_modules/@sveltejs/acorn-typescript": {
            "version": "1.0.9",
            "resolved": "https://registry.npmjs.org/@sveltejs/acorn-typescript/-/acorn-typescript-1.0.9.tgz",
            "integrity": "sha512-lVJX6qEgs/4DOcRTpo56tmKzVPtoWAaVbL4hfO7t7NVwl9AAXzQR6cihesW1BmNMPl+bK6dreu2sOKBP2Q9CIA==",
            "dev": true,
            "peerDependencies": {
                "acorn": "^8.9.0"
            }
        },
        "node_modules/@sveltejs/package": {
            "version": "2.5.7",
            "resolved": "https://registry.npmjs.org/@sveltejs/package/-/package-2.5.7.tgz",
            "integrity": "sha512-qqD9xa9H7TDiGFrF6rz7AirOR8k15qDK/9i4MIE8te4vWsv5GEogPks61rrZcLy+yWph+aI6pIj2MdoK3YI8AQ==",
            "dev": true,
            "dependencies": {
                "chokidar": "^5.0.0",
                "kleur": "^4.1.5",
                "sade": "^1.8.1",
                "semver": "^7.5.4",
                "svelte2tsx": "~0.7.33"
            },
            "bin": {
                "svelte-package": "svelte-package.js"
            },
            "engines": {
                "node": "^16.14 || >=18"
            },
            "peerDependencies": {
                "svelte": "^3.44.0 || ^4.0.0 || ^5.0.0-next.1"
            }
        },
        "node_modules/@sveltejs/package/node_modules/chokidar": {
            "version": "5.0.0",
            "resolved": "https://registry.npmjs.org/chokidar/-/chokidar-5.0.0.tgz",
            "integrity": "sha512-TQMmc3w+5AxjpL8iIiwebF73dRDF4fBIieAqGn9RGCWaEVwQ6Fb2cGe31Yns0RRIzii5goJ1Y7xbMwo1TxMplw==",
            "dev": true,
            "dependencies": {
                "readdirp": "^5.0.0"
            },
            "engines": {
                "node": ">= 20.19.0"
            },
            "funding": {
                "url": "https://paulmillr.com/funding/"
            }
        },
        "node_modules/@sveltejs/package/node_modules/readdirp": {
            "version": "5.0.0",
            "resolved": "https://registry.npmjs.org/readdirp/-/readdirp-5.0.0.tgz",
            "integrity": "sha512-9u/XQ1pvrQtYyMpZe7DXKv2p5CNvyVwzUB6uhLAnQwHMSgKMBR62lc7AHljaeteeHXn11XTAaLLUVZYVZyuRBQ==",
            "dev": true,
            "engines": {
                "node": ">= 20.19.0"
            },
            "funding": {
                "type": "individual",
                "url": "https://paulmillr.com/funding/"
            }
        },
        "node_modules/@types/estree": {
            "version": "1.0.8",
            "resolved": "https://registry.npmjs.org/@types/estree/-/estree-1.0.8.tgz",
            "integrity": "sha512-dWHzHa2WqEXI/O1E9OjrocMTKJl2mSrEolh1Iomrv6U+JuNwaHXsXx9bLu5gG7BUWFIN0skIQJQ/L1rIex4X6w==",
            "dev": true
        },
        "node_modules/@types/trusted-types": {
            "version": "2.0.7",
            "resolved": "https://registry.npmjs.org/@types/trusted-types/-/trusted-types-2.0.7.tgz",
            "integrity": "sha512-ScaPdn1dQczgbl0QFTeTOmVHFULt394XJgOQNoyVhZ6r2vLnMLJfBPd53SB52T/3G36VI1/g2MZaX0cwDuXsfw==",
            "dev": true
        },
        "node_modules/acorn": {
            "version": "8.16.0",
            "resolved": "https://registry.npmjs.org/acorn/-/acorn-8.16.0.tgz",
            "integrity": "sha512-UVJyE9MttOsBQIDKw1skb9nAwQuR5wuGD3+82K6JgJlm/Y+KI92oNsMNGZCYdDsVtRHSak0pcV5Dno5+4jh9sw==",
            "dev": true,
            "bin": {
                "acorn": "bin/acorn"
            },
            "engines": {
                "node": ">=0.4.0"
            }
        },
        "node_modules/aria-query": {
            "version": "5.3.1",
            "resolved": "https://registry.npmjs.org/aria-query/-/aria-query-5.3.1.tgz",
            "integrity": "sha512-Z/ZeOgVl7bcSYZ/u/rh0fOpvEpq//LZmdbkXyc7syVzjPAhfOa9ebsdTSjEBDU4vs5nC98Kfduj1uFo0qyET3g==",
            "dev": true,
            "engines": {
                "node": ">= 0.4"
            }
        },
        "node_modules/axobject-query": {
            "version": "4.1.0",
            "resolved": "https://registry.npmjs.org/axobject-query/-/axobject-query-4.1.0.tgz",
            "integrity": "sha512-qIj0G9wZbMGNLjLmg1PT6v2mE9AH2zlnADJD/2tC6E00hgmhUOfEB6greHPAfLRSufHqROIUTkw6E+M3lH0PTQ==",
            "dev": true,
            "engines": {
                "node": ">= 0.4"
            }
        },
        "node_modules/chokidar": {
            "version": "4.0.1",
            "resolved": "https://registry.npmjs.org/chokidar/-/chokidar-4.0.1.tgz",
            "integrity": "sha512-n8enUVCED/KVRQlab1hr3MVpcVMvxtZjmEa956u+4YijlmQED223XMSYj2tLuKvr4jcCTzNNMpQDUer72MMmzA==",
            "dev": true,
            "dependencies": {
                "readdirp": "^4.0.1"
            },
            "engines": {
                "node": ">= 14.16.0"
            },
            "funding": {
                "url": "https://paulmillr.com/funding/"
            }
        },
        "node_modules/clsx": {
            "version": "2.1.1",
            "resolved": "https://registry.npmjs.org/clsx/-/clsx-2.1.1.tgz",
            "integrity": "sha512-eYm0QWBtUrBWZWG0d386OGAw16Z995PiOVo2B7bjWSbHedGl5e0ZWaq65kOGgUSNesEIDkB9ISbTg/JK9dhCZA==",
            "dev": true,
            "engines": {
                "node": ">=6"
            }
        },
        "node_modules/dedent-js": {
            "version": "1.0.1",
            "resolved": "https://registry.npmjs.org/dedent-js/-/dedent-js-1.0.1.tgz",
            "integrity": "sha512-OUepMozQULMLUmhxS95Vudo0jb0UchLimi3+pQ2plj61Fcy8axbP9hbiD4Sz6DPqn6XG3kfmziVfQ1rSys5AJQ==",
            "dev": true
        },
        "node_modules/devalue": {
            "version": "5.7.1",
            "resolved": "https://registry.npmjs.org/devalue/-/devalue-5.7.1.tgz",
            "integrity": "sha512-MUbZ586EgQqdRnC4yDrlod3BEdyvE4TapGYHMW2CiaW+KkkFmWEFqBUaLltEZCGi0iFXCEjRF0OjF0DV2QHjOA==",
            "dev": true
        },
        "node_modules/esm-env": {
            "version": "1.2.2",
            "resolved": "https://registry.npmjs.org/esm-env/-/esm-env-1.2.2.tgz",
            "integrity": "sha512-Epxrv+Nr/CaL4ZcFGPJIYLWFom+YeV1DqMLHJoEd9SYRxNbaFruBwfEX/kkHUJf55j2+TUbmDcmuilbP1TmXHA==",
            "dev": true
        },
        "node_modules/esrap": {
            "version": "2.2.5",
            "resolved": "https://registry.npmjs.org/esrap/-/esrap-2.2.5.tgz",
            "integrity": "sha512-/yLB1538mag+dn0wsePTe8C0rDIjUOaJpMs2McodSzmM2msWcZsBSdRtg6HOBt0A/r82BN+Md3pgwSc/uWt2Ig==",
            "dev": true,
            "dependencies": {
                "@jridgewell/sourcemap-codec": "^1.4.15"
            },
            "peerDependencies": {
                "@typescript-eslint/types": "^8.2.0"
            },
            "peerDependenciesMeta": {
                "@typescript-eslint/types": {
                    "optional": true
                }
            }
        },
        "node_modules/fdir": {
            "version": "6.4.2",
            "resolved": "https://registry.npmjs.org/fdir/-/fdir-6.4.2.tgz",
            "integrity": "sha512-KnhMXsKSPZlAhp7+IjUkRZKPb4fUyccpDrdFXbi4QL1qkmFh9kVY09Yox+n4MaOb3lHZ1Tv829C3oaaXoMYPDQ==",
            "dev": true,
            "peerDependencies": {
                "picomatch": "^3 || ^4"
            },
            "peerDependenciesMeta": {
                "picomatch": {
                    "optional": true
                }
            }
        },
        "node_modules/is-reference": {
            "version": "3.0.3",
            "resolved": "https://registry.npmjs.org/is-reference/-/is-reference-3.0.3.tgz",
            "integrity": "sha512-ixkJoqQvAP88E6wLydLGGqCJsrFUnqoH6HnaczB8XmDH1oaWU+xxdptvikTgaEhtZ53Ky6YXiBuUI2WXLMCwjw==",
            "dev": true,
            "dependencies": {
                "@types/estree": "^1.0.6"
            }
        },
        "node_modules/kleur": {
            "version": "4.1.5",
            "resolved": "https://registry.npmjs.org/kleur/-/kleur-4.1.5.tgz",
            "integrity": "sha512-o+NO+8WrRiQEE4/7nwRJhN1HWpVmJm511pBHUxPLtp0BUISzlBplORYSmTclCnJvQq2tKu/sgl3xVpkc7ZWuQQ==",
            "dev": true,
            "engines": {
                "node": ">=6"
            }
        },
        "node_modules/locate-character": {
            "version": "3.0.0",
            "resolved": "https://registry.npmjs.org/locate-character/-/locate-character-3.0.0.tgz",
            "integrity": "sha512-SW13ws7BjaeJ6p7Q6CO2nchbYEc3X3J6WrmTTDto7yMPqVSZTUyY5Tjbid+Ab8gLnATtygYtiDIJGQRRn2ZOiA==",
            "dev": true
        },
        "node_modules/magic-string": {
            "version": "0.30.12",
            "resolved": "https://registry.npmjs.org/magic-string/-/magic-string-0.30.12.tgz",
            "integrity": "sha512-Ea8I3sQMVXr8JhN4z+H/d8zwo+tYDgHE9+5G4Wnrwhs0gaK9fXTKx0Tw5Xwsd/bCPTTZNRAdpyzvoeORe9LYpw==",
            "dev": true,
            "dependencies": {
                "@jridgewell/sourcemap-codec": "^1.5.0"
            }
        },
        "node_modules/mri": {
            "version": "1.2.0",
            "resolved": "https://registry.npmjs.org/mri/-/mri-1.2.0.tgz",
            "integrity": "sha512-tzzskb3bG8LvYGFF/mDTpq3jpI6Q9wc3LEmBaghu+DdCssd1FakN7Bc0hVNmEyGq1bq3RgfkCb3cmQLpNPOroA==",
            "dev": true,
            "engines": {
                "node": ">=4"
            }
        },
        "node_modules/node-readable-to-web-readable-stream": {
            "version": "0.4.2",
            "resolved": "https://registry.npmjs.org/node-readable-to-web-readable-stream/-/node-readable-to-web-readable-stream-0.4.2.tgz",
            "integrity": "sha512-/cMZNI34v//jUTrI+UIo4ieHAB5EZRY/+7OmXZgBxaWBMcW2tGdceIw06RFxWxrKZ5Jp3sI2i5TsRo+CBhtVLQ==",
            "optional": true
        },
        "node_modules/pdfjs-dist": {
            "version": "5.6.205",
            "resolved": "https://registry.npmjs.org/pdfjs-dist/-/pdfjs-dist-5.6.205.tgz",
            "integrity": "sha512-tlUj+2IDa7G1SbvBNN74UHRLJybZDWYom+k6p5KIZl7huBvsA4APi6mKL+zCxd3tLjN5hOOEE9Tv7VdzO88pfg==",
            "engines": {
                "node": ">=20.19.0 || >=22.13.0 || >=24"
            },
            "optionalDependencies": {
                "@napi-rs/canvas": "^0.1.96",
                "node-readable-to-web-readable-stream": "^0.4.2"
            }
        },
        "node_modules/picocolors": {
            "version": "1.1.1",
            "resolved": "https://registry.npmjs.org/picocolors/-/picocolors-1.1.1.tgz",
            "integrity": "sha512-xceH2snhtb5M9liqDsmEw56le376mTZkEX/jEb/RxNFyegNul7eNslCXP9FDj/Lcu0X8KEyMceP2ntpaHrDEVA==",
            "dev": true
        },
        "node_modules/readdirp": {
            "version": "4.0.2",
            "resolved": "https://registry.npmjs.org/readdirp/-/readdirp-4.0.2.tgz",
            "integrity": "sha512-yDMz9g+VaZkqBYS/ozoBJwaBhTbZo3UNYQHNRw1D3UFQB8oHB4uS/tAODO+ZLjGWmUbKnIlOWO+aaIiAxrUWHA==",
            "dev": true,
            "engines": {
                "node": ">= 14.16.0"
            },
            "funding": {
                "type": "individual",
                "url": "https://paulmillr.com/funding/"
            }
        },
        "node_modules/sade": {
            "version": "1.8.1",
            "resolved": "https://registry.npmjs.org/sade/-/sade-1.8.1.tgz",
            "integrity": "sha512-xal3CZX1Xlo/k4ApwCFrHVACi9fBqJ7V+mwhBsuf/1IOKbBy098Fex+Wa/5QMubw09pSZ/u8EY8PWgevJsXp1A==",
            "dev": true,
            "dependencies": {
                "mri": "^1.1.0"
            },
            "engines": {
                "node": ">=6"
            }
        },
        "node_modules/scule": {
            "version": "1.3.0",
            "resolved": "https://registry.npmjs.org/scule/-/scule-1.3.0.tgz",
            "integrity": "sha512-6FtHJEvt+pVMIB9IBY+IcCJ6Z5f1iQnytgyfKMhDKgmzYG+TeH/wx1y3l27rshSbLiSanrR9ffZDrEsmjlQF2g==",
            "dev": true
        },
        "node_modules/semver": {
            "version": "7.6.3",
            "resolved": "https://registry.npmjs.org/semver/-/semver-7.6.3.tgz",
            "integrity": "sha512-oVekP1cKtI+CTDvHWYFUcMtsK/00wmAEfyqKfNdARm8u1wNVhSgaX7A8d4UuIlUI5e84iEwOhs7ZPYRmzU9U6A==",
            "dev": true,
            "bin": {
                "semver": "bin/semver.js"
            },
            "engines": {
                "node": ">=10"
            }
        },
        "node_modules/svelte": {
            "version": "5.55.4",
            "resolved": "https://registry.npmjs.org/svelte/-/svelte-5.55.4.tgz",
            "integrity": "sha512-q8DFohk6vUswSng95IZb9nzWJnbINZsK7OiM1snAa3qCjJBL0ZQpvMyAaVXjUukdM75J/m8UE8xwqat8Ors/zQ==",
            "dev": true,
            "dependencies": {
                "@jridgewell/remapping": "^2.3.4",
                "@jridgewell/sourcemap-codec": "^1.5.0",
                "@sveltejs/acorn-typescript": "^1.0.5",
                "@types/estree": "^1.0.5",
                "@types/trusted-types": "^2.0.7",
                "acorn": "^8.12.1",
                "aria-query": "5.3.1",
                "axobject-query": "^4.1.0",
                "clsx": "^2.1.1",
                "devalue": "^5.6.4",
                "esm-env": "^1.2.1",
                "esrap": "^2.2.4",
                "is-reference": "^3.0.3",
                "locate-character": "^3.0.0",
                "magic-string": "^0.30.11",
                "zimmerframe": "^1.1.2"
            },
            "engines": {
                "node": ">=18"
            }
        },
        "node_modules/svelte-check": {
            "version": "4.4.6",
            "resolved": "https://registry.npmjs.org/svelte-check/-/svelte-check-4.4.6.tgz",
            "integrity": "sha512-kP1zG81EWaFe9ZyTv4ZXv44Csi6Pkdpb7S3oj6m+K2ec/IcDg/a8LsFsnVLqm2nxtkSwsd5xPj/qFkTBgXHXjg==",
            "dev": true,
            "dependencies": {
                "@jridgewell/trace-mapping": "^0.3.25",
                "chokidar": "^4.0.1",
                "fdir": "^6.2.0",
                "picocolors": "^1.0.0",
                "sade": "^1.7.4"
            },
            "bin": {
                "svelte-check": "bin/svelte-check"
            },
            "engines": {
                "node": ">= 18.0.0"
            },
            "peerDependencies": {
                "svelte": "^4.0.0 || ^5.0.0-next.0",
                "typescript": ">=5.0.0"
            }
        },
        "node_modules/svelte2tsx": {
            "version": "0.7.53",
            "resolved": "https://registry.npmjs.org/svelte2tsx/-/svelte2tsx-0.7.53.tgz",
            "integrity": "sha512-ljVSwmnYRDHRm8+7ICP6QoAN7U7vgOFfPBLN6T745YWNYqRRSzHxlrzUVqMjYls2Un8MzJissfziy/38e6Deeg==",
            "dev": true,
            "dependencies": {
                "dedent-js": "^1.0.1",
                "scule": "^1.3.0"
            },
            "peerDependencies": {
                "svelte": "^3.55 || ^4.0.0-next.0 || ^4.0 || ^5.0.0-next.0",
                "typescript": "^4.9.4 || ^5.0.0"
            }
        },
        "node_modules/typescript": {
            "version": "5.6.3",
            "resolved": "https://registry.npmjs.org/typescript/-/typescript-5.6.3.tgz",
            "integrity": "sha512-hjcS1mhfuyi4WW8IWtjP7brDrG2cuDZukyrYrSauoXGNgx0S7zceP07adYkJycEr56BOUTNPzbInooiN3fn1qw==",
            "dev": true,
            "peer": true,
            "bin": {
                "tsc": "bin/tsc",
                "tsserver": "bin/tsserver"
            },
            "engines": {
                "node": ">=14.17"
            }
        },
        "node_modules/zimmerframe": {
            "version": "1.1.4",
            "resolved": "https://registry.npmjs.org/zimmerframe/-/zimmerframe-1.1.4.tgz",
            "integrity": "sha512-B58NGBEoc8Y9MWWCQGl/gq9xBCe4IiKM0a2x7GZdQKOW5Exr8S1W24J6OgM1njK8xCRGvAJIL/MxXHf6SkmQKQ==",
            "dev": true
        }
    }
}
